{
  "meteor": {},
  "dependencies": {
    "basePackages": {
      "iron-router": {},
      "flatter-ui": {},
      "font-awesome": {}
    },
    "packages": {
      "iron-router": {
        "git": "https://github.com/EventedMind/iron-router.git",
        "tag": "v0.7.1",
        "commit": "d1ffb3f06ea4c112132b030f2eb1a70b81675ecb"
      },
      "flatter-ui": {
        "git": "https://github.com/rnhmjoj/flatter-ui.git",
        "tag": "v0.1.5",
        "commit": "29cb561ac65d5a6ea39c9e8b2d5c04568cb3110c"
      },
      "font-awesome": {
        "git": "https://github.com/nate-strauser/meteor-font-awesome.git",
        "tag": "v4.1.0",
        "commit": "ce6b1e92715d1938babc5d69c655c17e387f5926"
      },
      "blaze-layout": {
        "git": "https://github.com/EventedMind/blaze-layout.git",
        "tag": "v0.2.4",
        "commit": "b40e9b0612329288d75cf52ad14a7da64bb8618f"
      }
    }
  }
}
