{
  "meteor": {},
  "dependencies": {
    "basePackages": {
      "flatter-ui": {},
      "moment": {}
    },
    "packages": {
      "flatter-ui": {
        "git": "https://github.com/rnhmjoj/flatter-ui.git",
        "tag": "v0.2.2",
        "commit": "677dda8d1c12a3fd5cef9abd907b92d3b691aca4"
      },
      "moment": {
        "git": "https://github.com/acreeger/meteor-moment.git",
        "tag": "v2.8.1",
        "commit": "722ea63783d594341023836b7d418ab2567dab8c"
      },
      "font-awesome": {
        "git": "https://github.com/nate-strauser/meteor-font-awesome.git",
        "tag": "v4.1.0",
        "commit": "ce6b1e92715d1938babc5d69c655c17e387f5926"
      }
    }
  }
}
